<?xml version="1.0" encoding="UTF-8" standalone="yes" ?>
<CodeBlocks_project_file>
	<FileVersion major="1" minor="6" />
	<Project>
		<Option title="fusai" />
		<Option pch_mode="2" />
		<Option compiler="gcc" />
		<Build>
			<Target title="Debug">
				<Option output="bin/Debug/fusai" prefix_auto="1" extension_auto="1" />
				<Option object_output="obj/Debug/" />
				<Option type="1" />
				<Option compiler="gcc" />
				<Option parameters="../config/car.txt ../config/road.txt ../config/cross.txt ../config/presetAnswer.txt ../config/answer.txt | more" />
				<Compiler>
					<Add option="-g" />
					<Add directory="lib/io" />
				</Compiler>
			</Target>
			<Target title="Release">
				<Option output="bin/Release/fusai" prefix_auto="1" extension_auto="1" />
				<Option object_output="obj/Release/" />
				<Option type="1" />
				<Option compiler="gcc" />
				<Option parameters="../2-map-training-1/car.txt ../2-map-training-1/road.txt ../2-map-training-1/cross.txt ../2-map-training-1/presetAnswer.txt ../2-map-training-1/answer.txt" />
				<Compiler>
					<Add option="-O2" />
					<Add directory="lib/io" />
				</Compiler>
				<Linker>
					<Add option="-s" />
				</Linker>
			</Target>
		</Build>
		<Compiler>
			<Add option="-Wall" />
			<Add option="-fexceptions" />
		</Compiler>
		<Unit filename="OD.h" />
		<Unit filename="isINF.h" />
		<Unit filename="lib/DEBUG.h" />
		<Unit filename="lib/graph/AdjMatNet.h" />
		<Unit filename="lib/graph/edge.h" />
		<Unit filename="lib/graph/vertex.h" />
		<Unit filename="lib/io/AnsTable.h" />
		<Unit filename="lib/io/basicStruct.h" />
		<Unit filename="lib/io/car.h" />
		<Unit filename="lib/io/carPath.h" />
		<Unit filename="lib/io/fileread.h" />
		<Unit filename="lib/list/list.h" />
		<Unit filename="lib/list/listNode.h" />
		<Unit filename="lib/list/list_implemention.h" />
		<Unit filename="lib/list/listnode_implemention.h" />
		<Unit filename="lib/queue/queue.h" />
		<Unit filename="lib/stack/stack.h" />
		<Unit filename="lib/stack/stack_implemention.h" />
		<Unit filename="lib/utility/print.h" />
		<Unit filename="lib/utility/swap.h" />
		<Unit filename="lib/vector/Vector.h" />
		<Unit filename="lib/vector/sort.h" />
		<Unit filename="lib/vector/vector_bracket.h" />
		<Unit filename="lib/vector/vector_copyfrom.h" />
		<Unit filename="lib/vector/vector_im.h" />
		<Unit filename="main.cpp" />
		<Unit filename="para.h" />
		<Unit filename="pfs.h" />
		<Unit filename="tardis.h" />
		<Extensions>
			<code_completion />
			<debugger />
		</Extensions>
	</Project>
</CodeBlocks_project_file>
